
Microsoft Visual Studio Solution File, Format Version 12.00
# Visual Studio Version 16
VisualStudioVersion = 25.0.1700.0
MinimumVisualStudioVersion = 10.0.40219.1
Project("{FAE04EC0-301F-11D3-BF4B-00C04F79EFBC}") = "contacts-api", "contacts-api.csproj", "{CC735D03-5A02-4CAC-AC91-CD5FF61E93A5}"
EndProject
Global
	GlobalSection(SolutionConfigurationPlatforms) = preSolution
		Debug|Any CPU = Debug|Any CPU
		Release|Any CPU = Release|Any CPU
	EndGlobalSection
	GlobalSection(ProjectConfigurationPlatforms) = postSolution
		{CC735D03-5A02-4CAC-AC91-CD5FF61E93A5}.Debug|Any CPU.ActiveCfg = Debug|Any CPU
		{CC735D03-5A02-4CAC-AC91-CD5FF61E93A5}.Debug|Any CPU.Build.0 = Debug|Any CPU
		{CC735D03-5A02-4CAC-AC91-CD5FF61E93A5}.Release|Any CPU.ActiveCfg = Release|Any CPU
		{CC735D03-5A02-4CAC-AC91-CD5FF61E93A5}.Release|Any CPU.Build.0 = Release|Any CPU
	EndGlobalSection
	GlobalSection(SolutionProperties) = preSolution
		HideSolutionNode = FALSE
	EndGlobalSection
	GlobalSection(ExtensibilityGlobals) = postSolution
		SolutionGuid = {8663FC83-5549-43C3-9ABB-84619C26A925}
	EndGlobalSection
EndGlobal
